
Microsoft Visual Studio Solution File, Format Version 12.00
# Visual Studio Version 16
VisualStudioVersion = 16.0.30517.126
MinimumVisualStudioVersion = 10.0.40219.1
Project("{9A19103F-16F7-4668-BE54-9A1E7A4F7556}") = "euler", "euler.csproj", "{D3B91177-3AF3-4B2D-9B24-461FF8AFEE45}"
EndProject
Project("{FAE04EC0-301F-11D3-BF4B-00C04F79EFBC}") = "Unit Test", "..\Unit Test\Unit Test.csproj", "{DDF3DF24-59A1-4F74-9FB0-412571341215}"
EndProject
Global
	GlobalSection(SolutionConfigurationPlatforms) = preSolution
		Debug|Any CPU = Debug|Any CPU
		Release|Any CPU = Release|Any CPU
	EndGlobalSection
	GlobalSection(ProjectConfigurationPlatforms) = postSolution
		{D3B91177-3AF3-4B2D-9B24-461FF8AFEE45}.Debug|Any CPU.ActiveCfg = Debug|Any CPU
		{D3B91177-3AF3-4B2D-9B24-461FF8AFEE45}.Debug|Any CPU.Build.0 = Debug|Any CPU
		{D3B91177-3AF3-4B2D-9B24-461FF8AFEE45}.Release|Any CPU.ActiveCfg = Release|Any CPU
		{D3B91177-3AF3-4B2D-9B24-461FF8AFEE45}.Release|Any CPU.Build.0 = Release|Any CPU
		{DDF3DF24-59A1-4F74-9FB0-412571341215}.Debug|Any CPU.ActiveCfg = Debug|Any CPU
		{DDF3DF24-59A1-4F74-9FB0-412571341215}.Debug|Any CPU.Build.0 = Debug|Any CPU
		{DDF3DF24-59A1-4F74-9FB0-412571341215}.Release|Any CPU.ActiveCfg = Release|Any CPU
		{DDF3DF24-59A1-4F74-9FB0-412571341215}.Release|Any CPU.Build.0 = Release|Any CPU
	EndGlobalSection
	GlobalSection(SolutionProperties) = preSolution
		HideSolutionNode = FALSE
	EndGlobalSection
	GlobalSection(ExtensibilityGlobals) = postSolution
		SolutionGuid = {4B10C4CF-C08E-4425-87AB-09EFE42564B4}
	EndGlobalSection
EndGlobal
